
Microsoft Visual Studio Solution File, Format Version 12.00
# Visual Studio Version 16
VisualStudioVersion = 16.0.32126.315
MinimumVisualStudioVersion = 10.0.40219.1
Project("{FAE04EC0-301F-11D3-BF4B-00C04F79EFBC}") = "ClassTask", "ClassTask\ClassTask.csproj", "{90B7CE9F-A70A-4EC5-9AD6-27436D1ADD4B}"
EndProject
Global
	GlobalSection(SolutionConfigurationPlatforms) = preSolution
		Debug|Any CPU = Debug|Any CPU
		Release|Any CPU = Release|Any CPU
	EndGlobalSection
	GlobalSection(ProjectConfigurationPlatforms) = postSolution
		{90B7CE9F-A70A-4EC5-9AD6-27436D1ADD4B}.Debug|Any CPU.ActiveCfg = Debug|Any CPU
		{90B7CE9F-A70A-4EC5-9AD6-27436D1ADD4B}.Debug|Any CPU.Build.0 = Debug|Any CPU
		{90B7CE9F-A70A-4EC5-9AD6-27436D1ADD4B}.Release|Any CPU.ActiveCfg = Release|Any CPU
		{90B7CE9F-A70A-4EC5-9AD6-27436D1ADD4B}.Release|Any CPU.Build.0 = Release|Any CPU
	EndGlobalSection
	GlobalSection(SolutionProperties) = preSolution
		HideSolutionNode = FALSE
	EndGlobalSection
	GlobalSection(ExtensibilityGlobals) = postSolution
		SolutionGuid = {53954473-14FE-43EF-9511-ADEA592064BC}
	EndGlobalSection
EndGlobal
